
Microsoft Visual Studio Solution File, Format Version 12.00
# Visual Studio Version 17
VisualStudioVersion = 17.5.33502.453
MinimumVisualStudioVersion = 10.0.40219.1
Project("{8BC9CEB8-8B4A-11D0-8D11-00A0C91BC942}") = "bineryserchtree024", "bineryserchtree024\bineryserchtree024.vcxproj", "{7E0B2902-A9DE-4221-9C66-07BCFC475881}"
EndProject
Global
	GlobalSection(SolutionConfigurationPlatforms) = preSolution
		Debug|x64 = Debug|x64
		Debug|x86 = Debug|x86
		Release|x64 = Release|x64
		Release|x86 = Release|x86
	EndGlobalSection
	GlobalSection(ProjectConfigurationPlatforms) = postSolution
		{7E0B2902-A9DE-4221-9C66-07BCFC475881}.Debug|x64.ActiveCfg = Debug|x64
		{7E0B2902-A9DE-4221-9C66-07BCFC475881}.Debug|x64.Build.0 = Debug|x64
		{7E0B2902-A9DE-4221-9C66-07BCFC475881}.Debug|x86.ActiveCfg = Debug|Win32
		{7E0B2902-A9DE-4221-9C66-07BCFC475881}.Debug|x86.Build.0 = Debug|Win32
		{7E0B2902-A9DE-4221-9C66-07BCFC475881}.Release|x64.ActiveCfg = Release|x64
		{7E0B2902-A9DE-4221-9C66-07BCFC475881}.Release|x64.Build.0 = Release|x64
		{7E0B2902-A9DE-4221-9C66-07BCFC475881}.Release|x86.ActiveCfg = Release|Win32
		{7E0B2902-A9DE-4221-9C66-07BCFC475881}.Release|x86.Build.0 = Release|Win32
	EndGlobalSection
	GlobalSection(SolutionProperties) = preSolution
		HideSolutionNode = FALSE
	EndGlobalSection
	GlobalSection(ExtensibilityGlobals) = postSolution
		SolutionGuid = {4E0DDA33-5CC9-46BF-AEC9-477DA10283F6}
	EndGlobalSection
EndGlobal
